
Microsoft Visual Studio Solution File, Format Version 12.00
# Visual Studio Express 15 for Windows Desktop
VisualStudioVersion = 15.0.28307.421
MinimumVisualStudioVersion = 10.0.40219.1
Project("{FAE04EC0-301F-11D3-BF4B-00C04F79EFBC}") = "Zadanie1", "ZADANIE1\Zadanie1.csproj", "{0FF58563-3BBA-4BC4-908F-81E8431FDE2E}"
EndProject
Global
	GlobalSection(SolutionConfigurationPlatforms) = preSolution
		Debug|Any CPU = Debug|Any CPU
		Release|Any CPU = Release|Any CPU
	EndGlobalSection
	GlobalSection(ProjectConfigurationPlatforms) = postSolution
		{0FF58563-3BBA-4BC4-908F-81E8431FDE2E}.Debug|Any CPU.ActiveCfg = Debug|Any CPU
		{0FF58563-3BBA-4BC4-908F-81E8431FDE2E}.Debug|Any CPU.Build.0 = Debug|Any CPU
		{0FF58563-3BBA-4BC4-908F-81E8431FDE2E}.Release|Any CPU.ActiveCfg = Release|Any CPU
		{0FF58563-3BBA-4BC4-908F-81E8431FDE2E}.Release|Any CPU.Build.0 = Release|Any CPU
	EndGlobalSection
	GlobalSection(SolutionProperties) = preSolution
		HideSolutionNode = FALSE
	EndGlobalSection
	GlobalSection(ExtensibilityGlobals) = postSolution
		SolutionGuid = {6D030C23-9EB6-4C22-8689-1CFED1FBC159}
	EndGlobalSection
EndGlobal
